# This file is automatically @generated by Poetry 1.4.2 and should not be changed by hand.

[[package]]
name = "pysqlite3"
version = "0.5.0"
description = "DB-API 2.0 interface for Sqlite 3.x"
category = "main"
optional = false
python-versions = "*"
files = [
    {file = "pysqlite3-0.5.0.tar.gz", hash = "sha256:3bbddd291e21c83670034f17a13edd0e0ef6ef1a53764ecdcb322d36d7302287"},
]

[metadata]
lock-version = "2.0"
python-versions = "^3.9"
content-hash = "bc1186c87325a117295286e7c9f8959233cf369ade164590c8c66e8766a21b31"
