{
    "_meta": {
        "hash": {
            "sha256": "6cf62a07f9062613e19a50624b072dd753cd962fd5774ca00699f46b7befe5af"
        },
        "pipfile-spec": 6,
        "requires": {
            "python_full_version": "3.8.6",
            "python_version": "3.8"
        },
        "sources": [
            {
                "name": "pypi",
                "url": "https://pypi.org/simple",
                "verify_ssl": true
            }
        ]
    },
    "default": {
        "emoji": {
            "hashes": [
                "sha256:a2986c21e4aba6b9870df40ef487a17be863cb7778dcf1c01e25917b7cd210bb"
            ],
            "index": "pypi",
            "version": "==2.2.0"
        }
    },
    "develop": {}
}
